
Microsoft Visual Studio Solution File, Format Version 12.00
# Visual Studio Version 17
VisualStudioVersion = 17.1.32210.238
MinimumVisualStudioVersion = 10.0.40219.1
Project("{FAE04EC0-301F-11D3-BF4B-00C04F79EFBC}") = "EF2", "EF2\EF2.csproj", "{6F73534C-BCE9-4C96-959E-63B5B3902CEE}"
EndProject
Global
	GlobalSection(SolutionConfigurationPlatforms) = preSolution
		Debug|Any CPU = Debug|Any CPU
		Release|Any CPU = Release|Any CPU
	EndGlobalSection
	GlobalSection(ProjectConfigurationPlatforms) = postSolution
		{6F73534C-BCE9-4C96-959E-63B5B3902CEE}.Debug|Any CPU.ActiveCfg = Debug|Any CPU
		{6F73534C-BCE9-4C96-959E-63B5B3902CEE}.Debug|Any CPU.Build.0 = Debug|Any CPU
		{6F73534C-BCE9-4C96-959E-63B5B3902CEE}.Release|Any CPU.ActiveCfg = Release|Any CPU
		{6F73534C-BCE9-4C96-959E-63B5B3902CEE}.Release|Any CPU.Build.0 = Release|Any CPU
	EndGlobalSection
	GlobalSection(SolutionProperties) = preSolution
		HideSolutionNode = FALSE
	EndGlobalSection
	GlobalSection(ExtensibilityGlobals) = postSolution
		SolutionGuid = {99D5CF48-D88D-4409-A6C3-4B95DA2B6EF4}
	EndGlobalSection
EndGlobal
